
Microsoft Visual Studio Solution File, Format Version 12.00
# Visual Studio 15
VisualStudioVersion = 15.0.28307.421
MinimumVisualStudioVersion = 10.0.40219.1
Project("{8BC9CEB8-8B4A-11D0-8D11-00A0C91BC942}") = "1714", "1714.vcxproj", "{47D8DF54-69ED-4724-8F2B-669C976F5625}"
EndProject
Global
	GlobalSection(SolutionConfigurationPlatforms) = preSolution
		Debug|x64 = Debug|x64
		Debug|x86 = Debug|x86
		Release|x64 = Release|x64
		Release|x86 = Release|x86
	EndGlobalSection
	GlobalSection(ProjectConfigurationPlatforms) = postSolution
		{47D8DF54-69ED-4724-8F2B-669C976F5625}.Debug|x64.ActiveCfg = Debug|x64
		{47D8DF54-69ED-4724-8F2B-669C976F5625}.Debug|x64.Build.0 = Debug|x64
		{47D8DF54-69ED-4724-8F2B-669C976F5625}.Debug|x86.ActiveCfg = Debug|Win32
		{47D8DF54-69ED-4724-8F2B-669C976F5625}.Debug|x86.Build.0 = Debug|Win32
		{47D8DF54-69ED-4724-8F2B-669C976F5625}.Release|x64.ActiveCfg = Release|x64
		{47D8DF54-69ED-4724-8F2B-669C976F5625}.Release|x64.Build.0 = Release|x64
		{47D8DF54-69ED-4724-8F2B-669C976F5625}.Release|x86.ActiveCfg = Release|Win32
		{47D8DF54-69ED-4724-8F2B-669C976F5625}.Release|x86.Build.0 = Release|Win32
	EndGlobalSection
	GlobalSection(SolutionProperties) = preSolution
		HideSolutionNode = FALSE
	EndGlobalSection
	GlobalSection(ExtensibilityGlobals) = postSolution
		SolutionGuid = {5BD041A0-AF2E-48C7-8332-04EB3903666A}
	EndGlobalSection
EndGlobal
